
Microsoft Visual Studio Solution File, Format Version 12.00
# Visual Studio 14
VisualStudioVersion = 14.0.25420.1
MinimumVisualStudioVersion = 10.0.40219.1
Project("{F184B08F-C81C-45F6-A57F-5ABD9991F28F}") = "CapaPresentacion", "CapaPresentacion\CapaPresentacion.vbproj", "{FFB747FB-65D2-4550-84AE-2B1687B75459}"
EndProject
Project("{F184B08F-C81C-45F6-A57F-5ABD9991F28F}") = "CapaDatos", "CapaDatos\CapaDatos.vbproj", "{2F74E83F-1CA7-445D-99C2-A29053E050C6}"
EndProject
Project("{F184B08F-C81C-45F6-A57F-5ABD9991F28F}") = "CapaNegocio", "CapaNegocio\CapaNegocio.vbproj", "{5432030C-F442-43FC-98E6-8D4CFFE529A6}"
EndProject
Global
	GlobalSection(SolutionConfigurationPlatforms) = preSolution
		Debug|Any CPU = Debug|Any CPU
		Release|Any CPU = Release|Any CPU
	EndGlobalSection
	GlobalSection(ProjectConfigurationPlatforms) = postSolution
		{FFB747FB-65D2-4550-84AE-2B1687B75459}.Debug|Any CPU.ActiveCfg = Debug|Any CPU
		{FFB747FB-65D2-4550-84AE-2B1687B75459}.Debug|Any CPU.Build.0 = Debug|Any CPU
		{FFB747FB-65D2-4550-84AE-2B1687B75459}.Release|Any CPU.ActiveCfg = Release|Any CPU
		{FFB747FB-65D2-4550-84AE-2B1687B75459}.Release|Any CPU.Build.0 = Release|Any CPU
		{2F74E83F-1CA7-445D-99C2-A29053E050C6}.Debug|Any CPU.ActiveCfg = Debug|Any CPU
		{2F74E83F-1CA7-445D-99C2-A29053E050C6}.Debug|Any CPU.Build.0 = Debug|Any CPU
		{2F74E83F-1CA7-445D-99C2-A29053E050C6}.Release|Any CPU.ActiveCfg = Release|Any CPU
		{2F74E83F-1CA7-445D-99C2-A29053E050C6}.Release|Any CPU.Build.0 = Release|Any CPU
		{5432030C-F442-43FC-98E6-8D4CFFE529A6}.Debug|Any CPU.ActiveCfg = Debug|Any CPU
		{5432030C-F442-43FC-98E6-8D4CFFE529A6}.Debug|Any CPU.Build.0 = Debug|Any CPU
		{5432030C-F442-43FC-98E6-8D4CFFE529A6}.Release|Any CPU.ActiveCfg = Release|Any CPU
		{5432030C-F442-43FC-98E6-8D4CFFE529A6}.Release|Any CPU.Build.0 = Release|Any CPU
	EndGlobalSection
	GlobalSection(SolutionProperties) = preSolution
		HideSolutionNode = FALSE
	EndGlobalSection
EndGlobal
